
Microsoft Visual Studio Solution File, Format Version 12.00
# Visual Studio Version 17
VisualStudioVersion = 17.4.33213.308
MinimumVisualStudioVersion = 10.0.40219.1
Project("{FAE04EC0-301F-11D3-BF4B-00C04F79EFBC}") = "DiscGolfRounds.ClassLibrary", "DiscGolfRounds.ClassLibrary\DiscGolfRounds.ClassLibrary.csproj", "{D6709234-F260-479B-80CF-56D122200D38}"
EndProject
Project("{FAE04EC0-301F-11D3-BF4B-00C04F79EFBC}") = "DiscGolfRounds.API", "DiscGolfRounds.API\DiscGolfRounds.API.csproj", "{2155F4F7-9FAE-4EC7-8DAD-988077E77348}"
EndProject
Global
	GlobalSection(SolutionConfigurationPlatforms) = preSolution
		Debug|Any CPU = Debug|Any CPU
		Release|Any CPU = Release|Any CPU
	EndGlobalSection
	GlobalSection(ProjectConfigurationPlatforms) = postSolution
		{D6709234-F260-479B-80CF-56D122200D38}.Debug|Any CPU.ActiveCfg = Debug|Any CPU
		{D6709234-F260-479B-80CF-56D122200D38}.Debug|Any CPU.Build.0 = Debug|Any CPU
		{D6709234-F260-479B-80CF-56D122200D38}.Release|Any CPU.ActiveCfg = Release|Any CPU
		{D6709234-F260-479B-80CF-56D122200D38}.Release|Any CPU.Build.0 = Release|Any CPU
		{2155F4F7-9FAE-4EC7-8DAD-988077E77348}.Debug|Any CPU.ActiveCfg = Debug|Any CPU
		{2155F4F7-9FAE-4EC7-8DAD-988077E77348}.Debug|Any CPU.Build.0 = Debug|Any CPU
		{2155F4F7-9FAE-4EC7-8DAD-988077E77348}.Release|Any CPU.ActiveCfg = Release|Any CPU
		{2155F4F7-9FAE-4EC7-8DAD-988077E77348}.Release|Any CPU.Build.0 = Release|Any CPU
	EndGlobalSection
	GlobalSection(SolutionProperties) = preSolution
		HideSolutionNode = FALSE
	EndGlobalSection
	GlobalSection(ExtensibilityGlobals) = postSolution
		SolutionGuid = {C584301A-5956-4BC6-A4B8-4E7D808FA279}
	EndGlobalSection
EndGlobal
